<Solution>
  <Folder Name="/Task0/">
    <Project Path="Tyuiu.BushuevaSR.Sprint1.Task0.V28.Lib/Tyuiu.BushuevaSR.Sprint1.Task0.V28.Lib.csproj" />
    <Project Path="Tyuiu.BushuevaSR.Sprint1.Task0.V28.Test/Tyuiu.BushuevaSR.Sprint1.Task0.V28.Test.csproj" />
    <Project Path="Tyuiu.BushuevaSR.Sprint1.Task0.V28/Tyuiu.BushuevaSR.Sprint1.Task0.V28.csproj" />
  </Folder>
  <Folder Name="/Task1/">
    <Project Path="Tyuiu.BushuevaSR.Sprint1.Task1.V2.Lib/Tyuiu.BushuevaSR.Sprint1.Task1.V2.Lib.csproj" Id="a733d012-ff40-4180-9b45-3d9c65ad888c" />
    <Project Path="Tyuiu.BushuevaSR.Sprint1.Task1.V2.Test/Tyuiu.BushuevaSR.Sprint1.Task1.V2.Test.csproj" Id="497f6747-59c2-4e0a-9034-1d305f47164d" />
    <Project Path="Tyuiu.BushuevaSR.Sprint1.Task1.V2/Tyuiu.BushuevaSR.Sprint1.Task1.V2.csproj" Id="28739dba-15b4-405a-9f8f-93b682b02feb" />
  </Folder>
  <Folder Name="/Task2/">
    <Project Path="Tyuiu.BushuevaSR.Sprint1.Task2.V17.Lib/Tyuiu.BushuevaSR.Sprint1.Task2.V17.Lib.csproj" Id="900ee577-1baf-42ab-8fd3-478952298eb5" />
    <Project Path="Tyuiu.BushuevaSR.Sprint1.Task2.V17.Test/Tyuiu.BushuevaSR.Sprint1.Task2.V17.Test.csproj" Id="a426dab2-c5fd-4e70-b768-bf5eceb2a916" />
    <Project Path="Tyuiu.BushuevaSR.Sprint1.Task2.V17/Tyuiu.BushuevaSR.Sprint1.Task2.V17.csproj" Id="e7230d39-944d-466d-89a9-3d9ee011cfa4" />
  </Folder>
  <Folder Name="/Task3/">
    <Project Path="Tyuiu.BushuevaSR.Sprint1.Task3.V8.Lib/Tyuiu.BushuevaSR.Sprint1.Task3.V8.Lib.csproj" Id="d6783c44-f895-403b-91df-ddc1c0093d81" />
    <Project Path="Tyuiu.BushuevaSR.Sprint1.Task3.V8.Test/Tyuiu.BushuevaSR.Sprint1.Task3.V8.Test.csproj" Id="c547011c-1927-4da7-958d-32df41591eef" />
    <Project Path="Tyuiu.BushuevaSR.Sprint1.Task3.V8/Tyuiu.BushuevaSR.Sprint1.Task3.V8.csproj" Id="5506e1cf-a0e2-4c10-957e-3bbf6d40d7e4" />
  </Folder>
  <Folder Name="/Task4/">
    <Project Path="Tyuiu.BushuevaSR.Sprint1.Task4.V2.Lib/Tyuiu.BushuevaSR.Sprint1.Task4.V2.Lib.csproj" Id="f212803d-14f0-4e1f-a06f-2e08173a076f" />
    <Project Path="Tyuiu.BushuevaSR.Sprint1.Task4.V2.Test/Tyuiu.BushuevaSR.Sprint1.Task4.V2.Test.csproj" Id="634d8022-dd85-4fea-99e1-cf36595bdff7" />
    <Project Path="Tyuiu.BushuevaSR.Sprint1.Task4.V2/Tyuiu.BushuevaSR.Sprint1.Task4.V2.csproj" Id="90f16cf9-2065-4e6c-b233-1e366a0d758f" />
  </Folder>
</Solution>
